<?xml version="1.0" encoding="utf-8"?>
<Project ToolsVersion="4.0" xmlns="http://schemas.microsoft.com/developer/msbuild/2003">
  <ItemGroup>
    <Filter Include="Source Files">
      <Extensions>cpp;c;cc;cxx;def;odl;idl;hpj;bat;asm;asmx</Extensions>
    </Filter>
    <Filter Include="Framework">
      <UniqueIdentifier>{e164cc11-0d7b-4f2d-8b3a-006080642d60}</UniqueIdentifier>
    </Filter>
    <Filter Include="Header Files">
      <Extensions>h;hh;hpp;hxx;hm;inl;inc;ipp;xsd</Extensions>
    </Filter>
  </ItemGroup>
  <ItemGroup>
    <ClCompile Include="Window.cpp">
      <Filter>Source Files</Filter>
    </ClCompile>
    <ClCompile Include="GameEntity.cpp">
      <Filter>Source Files</Filter>
    </ClCompile>
    <ClCompile Include="Bat.cpp">
      <Filter>Source Files</Filter>
    </ClCompile>
    <ClCompile Include="Ball.cpp">
      <Filter>Source Files</Filter>
    </ClCompile>
    <ClCompile Include="Game.cpp">
      <Filter>Source Files</Filter>
    </ClCompile>
    <ClCompile Include="WildMonster.cpp">
      <Filter>Source Files</Filter>
    </ClCompile>
    <ClCompile Include="EntityHandler.cpp">
      <Filter>Source Files</Filter>
    </ClCompile>
    <ClCompile Include="Bush.cpp">
      <Filter>Source Files</Filter>
    </ClCompile>
    <ClCompile Include="Grid.cpp">
      <Filter>Source Files</Filter>
    </ClCompile>
    <ClCompile Include="GridCell.cpp">
      <Filter>Source Files</Filter>
    </ClCompile>
    <ClCompile Include="CustomMap.cpp">
      <Filter>Source Files</Filter>
    </ClCompile>
    <ClCompile Include="CustomMapInsert.cpp">
      <Filter>Source Files</Filter>
    </ClCompile>
    <ClCompile Include="Player.cpp">
      <Filter>Source Files</Filter>
    </ClCompile>
    <ClCompile Include="Tile.cpp">
      <Filter>Source Files</Filter>
    </ClCompile>
    <ClCompile Include="Battle.cpp">
      <Filter>Source Files</Filter>
    </ClCompile>
    <ClCompile Include="Attack.cpp">
      <Filter>Source Files</Filter>
    </ClCompile>
    <ClCompile Include="AttackSet.cpp">
      <Filter>Source Files</Filter>
    </ClCompile>
    <ClCompile Include="CapturedMonster.cpp">
      <Filter>Source Files</Filter>
    </ClCompile>
    <ClCompile Include="HealthTrack.cpp">
      <Filter>Source Files</Filter>
    </ClCompile>
    <ClCompile Include="Attack_Slash.cpp">
      <Filter>Source Files</Filter>
    </ClCompile>
    <ClCompile Include="Attack_AirBullet.cpp">
      <Filter>Source Files</Filter>
    </ClCompile>
    <ClCompile Include="AttackSetHandler.cpp">
      <Filter>Source Files</Filter>
    </ClCompile>
    <ClCompile Include="BattleMonster.cpp">
      <Filter>Source Files</Filter>
    </ClCompile>
    <ClCompile Include="BattleHandler.cpp">
      <Filter>Source Files</Filter>
    </ClCompile>
    <ClCompile Include="BattleState.cpp">
      <Filter>Source Files</Filter>
    </ClCompile>
    <ClCompile Include="BattleOpenerState.cpp">
      <Filter>Source Files</Filter>
    </ClCompile>
    <ClCompile Include="Menu.cpp">
      <Filter>Source Files</Filter>
    </ClCompile>
    <ClCompile Include="MenuItem.cpp">
      <Filter>Source Files</Filter>
    </ClCompile>
    <ClCompile Include="Attack_Roar.cpp">
      <Filter>Source Files</Filter>
    </ClCompile>
    <ClCompile Include="Attack_Flamethrower.cpp">
      <Filter>Source Files</Filter>
    </ClCompile>
    <ClCompile Include="BattleMainMenuState.cpp">
      <Filter>Source Files</Filter>
    </ClCompile>
    <ClCompile Include="BattleFightMenuState.cpp">
      <Filter>Source Files</Filter>
    </ClCompile>
    <ClCompile Include="Hospital.cpp">
      <Filter>Source Files</Filter>
    </ClCompile>
    <ClCompile Include="Rock.cpp">
      <Filter>Source Files</Filter>
    </ClCompile>
    <ClCompile Include="Npc.cpp">
      <Filter>Source Files</Filter>
    </ClCompile>
    <ClCompile Include="Shop.cpp">
      <Filter>Source Files</Filter>
    </ClCompile>
    <ClCompile Include="GroundItem.cpp">
      <Filter>Source Files</Filter>
    </ClCompile>
    <ClCompile Include="ItemHandler.cpp">
      <Filter>Source Files</Filter>
    </ClCompile>
    <ClCompile Include="Inventory.cpp">
      <Filter>Source Files</Filter>
    </ClCompile>
    <ClCompile Include="InventoryItem.cpp">
      <Filter>Source Files</Filter>
    </ClCompile>
    <ClCompile Include="StarterHouse.cpp">
      <Filter>Source Files</Filter>
    </ClCompile>
    <ClCompile Include="Attack_VineWhip.cpp">
      <Filter>Source Files</Filter>
    </ClCompile>
    <ClCompile Include="Attack_LeechSeed.cpp">
      <Filter>Source Files</Filter>
    </ClCompile>
    <ClCompile Include="Attack_RazorLeaf.cpp">
      <Filter>Source Files</Filter>
    </ClCompile>
    <ClCompile Include="Attack_Growth.cpp">
      <Filter>Source Files</Filter>
    </ClCompile>
    <ClCompile Include="Attack_WaterGun.cpp">
      <Filter>Source Files</Filter>
    </ClCompile>
    <ClCompile Include="Attack_Bubble.cpp">
      <Filter>Source Files</Filter>
    </ClCompile>
    <ClCompile Include="Attack_AquaRing.cpp">
      <Filter>Source Files</Filter>
    </ClCompile>
    <ClCompile Include="Attack_IceShard.cpp">
      <Filter>Source Files</Filter>
    </ClCompile>
    <ClCompile Include="Attack_Ember.cpp">
      <Filter>Source Files</Filter>
    </ClCompile>
    <ClCompile Include="Attack_Smokescreen.cpp">
      <Filter>Source Files</Filter>
    </ClCompile>
    <ClCompile Include="Attack_FlameCharge.cpp">
      <Filter>Source Files</Filter>
    </ClCompile>
    <ClCompile Include="Attack_Howl.cpp">
      <Filter>Source Files</Filter>
    </ClCompile>
    <ClCompile Include="BattleInventoryState.cpp">
      <Filter>Source Files</Filter>
    </ClCompile>
  </ItemGroup>
  <ItemGroup>
    <ClInclude Include="GameEntity.h">
      <Filter>Header Files</Filter>
    </ClInclude>
    <ClInclude Include="Bat.h">
      <Filter>Header Files</Filter>
    </ClInclude>
    <ClInclude Include="..\Play.h">
      <Filter>Framework</Filter>
    </ClInclude>
    <ClInclude Include="Ball.h">
      <Filter>Header Files</Filter>
    </ClInclude>
    <ClInclude Include="Game.h">
      <Filter>Header Files</Filter>
    </ClInclude>
    <ClInclude Include="Config.h">
      <Filter>Header Files</Filter>
    </ClInclude>
    <ClInclude Include="FrameLimits.h">
      <Filter>Header Files</Filter>
    </ClInclude>
    <ClInclude Include="WildMonster.h">
      <Filter>Header Files</Filter>
    </ClInclude>
    <ClInclude Include="EntityHandler.h">
      <Filter>Header Files</Filter>
    </ClInclude>
    <ClInclude Include="Bush.h">
      <Filter>Header Files</Filter>
    </ClInclude>
    <ClInclude Include="Grid.h">
      <Filter>Header Files</Filter>
    </ClInclude>
    <ClInclude Include="GridCell.h">
      <Filter>Header Files</Filter>
    </ClInclude>
    <ClInclude Include="CustomMap.h">
      <Filter>Header Files</Filter>
    </ClInclude>
    <ClInclude Include="CustomMapInsert.h">
      <Filter>Header Files</Filter>
    </ClInclude>
    <ClInclude Include="Player.h">
      <Filter>Header Files</Filter>
    </ClInclude>
    <ClInclude Include="Tile.h">
      <Filter>Header Files</Filter>
    </ClInclude>
    <ClInclude Include="Battle.h">
      <Filter>Header Files</Filter>
    </ClInclude>
    <ClInclude Include="Attack.h">
      <Filter>Header Files</Filter>
    </ClInclude>
    <ClInclude Include="AttackSet.h">
      <Filter>Header Files</Filter>
    </ClInclude>
    <ClInclude Include="CapturedMonster.h">
      <Filter>Header Files</Filter>
    </ClInclude>
    <ClInclude Include="HealthTrack.h">
      <Filter>Header Files</Filter>
    </ClInclude>
    <ClInclude Include="Attack_Slash.h">
      <Filter>Header Files</Filter>
    </ClInclude>
    <ClInclude Include="Attack_AirBullet.h">
      <Filter>Header Files</Filter>
    </ClInclude>
    <ClInclude Include="AttackSetHandler.h">
      <Filter>Header Files</Filter>
    </ClInclude>
    <ClInclude Include="BattleMonster.h">
      <Filter>Header Files</Filter>
    </ClInclude>
    <ClInclude Include="BattleHandler.h">
      <Filter>Header Files</Filter>
    </ClInclude>
    <ClInclude Include="BattleState.h">
      <Filter>Header Files</Filter>
    </ClInclude>
    <ClInclude Include="BattleOpenerState.h">
      <Filter>Header Files</Filter>
    </ClInclude>
    <ClInclude Include="Menu.h">
      <Filter>Header Files</Filter>
    </ClInclude>
    <ClInclude Include="MenuItem.h">
      <Filter>Header Files</Filter>
    </ClInclude>
    <ClInclude Include="Attack_Roar.h">
      <Filter>Header Files</Filter>
    </ClInclude>
    <ClInclude Include="Attack_Flamethrower.h">
      <Filter>Header Files</Filter>
    </ClInclude>
    <ClInclude Include="BattleMainMenuState.h">
      <Filter>Header Files</Filter>
    </ClInclude>
    <ClInclude Include="BattleFightMenuState.h">
      <Filter>Header Files</Filter>
    </ClInclude>
    <ClInclude Include="Hospital.h">
      <Filter>Header Files</Filter>
    </ClInclude>
    <ClInclude Include="Rock.h">
      <Filter>Header Files</Filter>
    </ClInclude>
    <ClInclude Include="Npc.h">
      <Filter>Header Files</Filter>
    </ClInclude>
    <ClInclude Include="Shop.h">
      <Filter>Header Files</Filter>
    </ClInclude>
    <ClInclude Include="GroundItem.h">
      <Filter>Header Files</Filter>
    </ClInclude>
    <ClInclude Include="ItemHandler.h">
      <Filter>Header Files</Filter>
    </ClInclude>
    <ClInclude Include="Inventory.h">
      <Filter>Header Files</Filter>
    </ClInclude>
    <ClInclude Include="InventoryItem.h">
      <Filter>Header Files</Filter>
    </ClInclude>
    <ClInclude Include="StarterHouse.h">
      <Filter>Header Files</Filter>
    </ClInclude>
    <ClInclude Include="Attack_VineWhip.h">
      <Filter>Header Files</Filter>
    </ClInclude>
    <ClInclude Include="Attack_LeechSeed.h">
      <Filter>Header Files</Filter>
    </ClInclude>
    <ClInclude Include="Attack_RazorLeaf.h">
      <Filter>Header Files</Filter>
    </ClInclude>
    <ClInclude Include="Attack_Growth.h">
      <Filter>Header Files</Filter>
    </ClInclude>
    <ClInclude Include="Attack_WaterGun.h">
      <Filter>Header Files</Filter>
    </ClInclude>
    <ClInclude Include="Attack_Bubble.h">
      <Filter>Header Files</Filter>
    </ClInclude>
    <ClInclude Include="Attack_AquaRing.h">
      <Filter>Header Files</Filter>
    </ClInclude>
    <ClInclude Include="Attack_IceShard.h">
      <Filter>Header Files</Filter>
    </ClInclude>
    <ClInclude Include="Attack_Ember.h">
      <Filter>Header Files</Filter>
    </ClInclude>
    <ClInclude Include="Attack_Smokescreen.h">
      <Filter>Header Files</Filter>
    </ClInclude>
    <ClInclude Include="Attack_FlameCharge.h">
      <Filter>Header Files</Filter>
    </ClInclude>
    <ClInclude Include="Attack_Howl.h">
      <Filter>Header Files</Filter>
    </ClInclude>
    <ClInclude Include="BattleInventoryState.h">
      <Filter>Header Files</Filter>
    </ClInclude>
  </ItemGroup>
</Project>